
Microsoft Visual Studio Solution File, Format Version 12.00
Project("{FAE04EC0-301F-11D3-BF4B-00C04F79EFBC}") = "Web App", "Web App\Web App.csproj", "{D88FD0EF-F0A1-4F37-A12F-16AA9C3F73FF}"
EndProject
Global
	GlobalSection(SolutionConfigurationPlatforms) = preSolution
		Debug|Any CPU = Debug|Any CPU
		Release|Any CPU = Release|Any CPU
	EndGlobalSection
	GlobalSection(ProjectConfigurationPlatforms) = postSolution
		{D88FD0EF-F0A1-4F37-A12F-16AA9C3F73FF}.Debug|Any CPU.ActiveCfg = Debug|Any CPU
		{D88FD0EF-F0A1-4F37-A12F-16AA9C3F73FF}.Debug|Any CPU.Build.0 = Debug|Any CPU
		{D88FD0EF-F0A1-4F37-A12F-16AA9C3F73FF}.Release|Any CPU.ActiveCfg = Release|Any CPU
		{D88FD0EF-F0A1-4F37-A12F-16AA9C3F73FF}.Release|Any CPU.Build.0 = Release|Any CPU
	EndGlobalSection
EndGlobal
